
Microsoft Visual Studio Solution File, Format Version 12.00
# Visual Studio Version 16
VisualStudioVersion = 16.0.30517.126
MinimumVisualStudioVersion = 10.0.40219.1
Project("{F184B08F-C81C-45F6-A57F-5ABD9991F28F}") = "CifrulCezar", "CifrulCezar.vbproj", "{72CA6413-5FE3-4AAF-89E9-486D3CE140F6}"
EndProject
Global
	GlobalSection(SolutionConfigurationPlatforms) = preSolution
		Debug|Any CPU = Debug|Any CPU
		Release|Any CPU = Release|Any CPU
	EndGlobalSection
	GlobalSection(ProjectConfigurationPlatforms) = postSolution
		{72CA6413-5FE3-4AAF-89E9-486D3CE140F6}.Debug|Any CPU.ActiveCfg = Debug|Any CPU
		{72CA6413-5FE3-4AAF-89E9-486D3CE140F6}.Debug|Any CPU.Build.0 = Debug|Any CPU
		{72CA6413-5FE3-4AAF-89E9-486D3CE140F6}.Release|Any CPU.ActiveCfg = Release|Any CPU
		{72CA6413-5FE3-4AAF-89E9-486D3CE140F6}.Release|Any CPU.Build.0 = Release|Any CPU
	EndGlobalSection
	GlobalSection(SolutionProperties) = preSolution
		HideSolutionNode = FALSE
	EndGlobalSection
	GlobalSection(ExtensibilityGlobals) = postSolution
		SolutionGuid = {DD7DA940-1FAB-45CF-A1F3-9876F9F6AC78}
	EndGlobalSection
EndGlobal
